{
  "nodes": {
    "catppuccin": {
      "inputs": {
        "nixpkgs": [
          "nixpkgs"
        ]
      },
      "locked": {
        "lastModified": 1787752705,
        "narHash": "sha256-9eJSxncX01i6tV/yushVG0+JadQhdll+aNfyDT3YvWg=",
        "owner": "catppuccin",
        "repo": "nix",
        "rev": "30ad3b76f1b20ed045d1dfd10ac2f3d89ff1df50",
        "type": "github"
      },
      "original": {
        "owner": "catppuccin",
        "ref": "release-26.05",
        "repo": "nix",
        "type": "github"
      }
    },
    "flake-parts": {
      "inputs": {
        "nixpkgs-lib": [
          "nixvim",
          "nixpkgs"
        ]
      },
      "locked": {
        "lastModified": 1788450739,
        "narHash": "sha256-glZLQlzIn1fXH6PazR2iUmTo7kzzyYSshrWhLS9TqCU=",
        "owner": "hercules-ci",
        "repo": "flake-parts",
        "rev": "31729ca8cbdb4fa927b34e5f4353e6a83f39e993",
        "type": "github"
      },
      "original": {
        "owner": "hercules-ci",
        "repo": "flake-parts",
        "type": "github"
      }
    },
    "home-manager": {
      "inputs": {
        "nixpkgs": [
          "nixpkgs"
        ]
      },
      "locked": {
        "lastModified": 1790996401,
        "narHash": "sha256-f+kOxEmOUnQazVAmGg0i8hzwgd1kX/geY+k/Dpheye8=",
        "owner": "nix-community",
        "repo": "home-manager",
        "rev": "db7d5e2332710f5abb088f6b5de927d7f9511b35",
        "type": "github"
      },
      "original": {
        "owner": "nix-community",
        "ref": "release-26.05",
        "repo": "home-manager",
        "type": "github"
      }
    },
    "kubectl-aliases": {
      "flake": false,
      "locked": {
        "lastModified": 1746983085,
        "narHash": "sha256-NkprSk55aRVHiq9JXduQl6AGZv5pBLHznRToOdm9OUw=",
        "owner": "ahmetb",
        "repo": "kubectl-aliases",
        "rev": "7549fa45bbde7499b927c74cae13bfb9169c9497",
        "type": "github"
      },
      "original": {
        "owner": "ahmetb",
        "repo": "kubectl-aliases",
        "type": "github"
      }
    },
    "nix-darwin": {
      "inputs": {
        "nixpkgs": [
          "nixpkgs"
        ]
      },
      "locked": {
        "lastModified": 1783744694,
        "narHash": "sha256-2cp6N3rrwnGYLTx9l6N+NI+kwrCWxvJUbj5WJhvB29A=",
        "owner": "nix-darwin",
        "repo": "nix-darwin",
        "rev": "c3e90c89649b07d1a96e4b9dd6cd0d6e44b91a74",
        "type": "github"
      },
      "original": {
        "owner": "nix-darwin",
        "ref": "nix-darwin-26.05",
        "repo": "nix-darwin",
        "type": "github"
      }
    },
    "nixpkgs": {
      "locked": {
        "lastModified": 1791160658,
        "narHash": "sha256-OGEeWGIAVyVRrfe8qOBbsKnBiSUXsZnAi6UcQuhhBSw=",
        "owner": "NixOS",
        "repo": "nixpkgs",
        "rev": "6ca6757e08e5dec9110859c969a6a2718ceb44a0",
        "type": "github"
      },
      "original": {
        "owner": "NixOS",
        "ref": "nixpkgs-26.05-darwin",
        "repo": "nixpkgs",
        "type": "github"
      }
    },
    "nixvim": {
      "inputs": {
        "flake-parts": "flake-parts",
        "nixpkgs": [
          "nixpkgs"
        ],
        "systems": "systems"
      },
      "locked": {
        "lastModified": 1789959143,
        "narHash": "sha256-9oBHyJtUyunZL+6v0Ub8Y759cXcejQiTHpXtGcx5RLs=",
        "owner": "nix-community",
        "repo": "nixvim",
        "rev": "4836e77b1798cd42e2de28593bec4c1788da08f5",
        "type": "github"
      },
      "original": {
        "owner": "nix-community",
        "ref": "nixos-26.05",
        "repo": "nixvim",
        "type": "github"
      }
    },
    "root": {
      "inputs": {
        "catppuccin": "catppuccin",
        "home-manager": "home-manager",
        "kubectl-aliases": "kubectl-aliases",
        "nix-darwin": "nix-darwin",
        "nixpkgs": "nixpkgs",
        "nixvim": "nixvim",
        "tmux-catppuccin": "tmux-catppuccin",
        "uji": "uji",
        "yabai-macos27": "yabai-macos27"
      }
    },
    "rust-overlay": {
      "inputs": {
        "nixpkgs": [
          "uji",
          "nixpkgs"
        ]
      },
      "locked": {
        "lastModified": 1791101754,
        "narHash": "sha256-y/GF+9B0t0TZ0nQiSRMqDXpr76yT7sdDbS/3GNLhzkE=",
        "owner": "oxalica",
        "repo": "rust-overlay",
        "rev": "dbc715a4b7c0ace63b9769a032d1dd34cd89e5bd",
        "type": "github"
      },
      "original": {
        "owner": "oxalica",
        "repo": "rust-overlay",
        "type": "github"
      }
    },
    "systems": {
      "locked": {
        "lastModified": 1681028828,
        "narHash": "sha256-Vy1rq5AaRuLzOxct8nz4T6wlgyUR7zLU309k9mBC768=",
        "owner": "nix-systems",
        "repo": "default",
        "rev": "da67096a3b9bf56a91d16901293e51ba5b49a27e",
        "type": "github"
      },
      "original": {
        "owner": "nix-systems",
        "repo": "default",
        "type": "github"
      }
    },
    "tmux-catppuccin": {
      "flake": false,
      "locked": {
        "lastModified": 1726556021,
        "narHash": "sha256-jTxUrA0vA8JnQE1K6rZQcSg4woHtPiKg0yz4rNVMMlc=",
        "owner": "catppuccin",
        "repo": "tmux",
        "rev": "1612a23174a6771ac466312eb156f83b8b89d907",
        "type": "github"
      },
      "original": {
        "owner": "catppuccin",
        "repo": "tmux",
        "rev": "1612a23174a6771ac466312eb156f83b8b89d907",
        "type": "github"
      }
    },
    "uji": {
      "inputs": {
        "nixpkgs": [
          "nixpkgs"
        ],
        "rust-overlay": "rust-overlay"
      },
      "locked": {
        "lastModified": 1791322659,
        "narHash": "sha256-TlhlX+OlRSv9iSukVzZvhXAQLsgtuCFC9tAG+socrHs=",
        "ref": "refs/heads/main",
        "rev": "ef479d361e9f39c9366fd87dbb066f94e3ddd0e0",
        "revCount": 121,
        "type": "git",
        "url": "ssh://git@github.com/uji-labs/uji"
      },
      "original": {
        "type": "git",
        "url": "ssh://git@github.com/uji-labs/uji"
      }
    },
    "yabai-macos27": {
      "flake": false,
      "locked": {
        "lastModified": 1787164259,
        "narHash": "sha256-CFC9KuBw7oyOjL5t8D+JIdk6/cdSh91J/K/8XA3v3aE=",
        "owner": "AhsanFazal",
        "repo": "yabai",
        "rev": "ad0a12d63f639534a296a1d065b0d04979f1b4db",
        "type": "github"
      },
      "original": {
        "owner": "AhsanFazal",
        "repo": "yabai",
        "rev": "ad0a12d63f639534a296a1d065b0d04979f1b4db",
        "type": "github"
      }
    }
  },
  "root": "root",
  "version": 7
}
